Microsoft Visual Studio Solution File, Format Version 12.00
# Visual Studio 2012
VisualStudioVersion = 12.0.0.0
MinimumVisualStudioVersion = 10.0.0.1
Project("{FAE04EC0-301F-11D3-BF4B-00C04F79EFBC}") = "ApiVideo", "src\ApiVideo.csproj", "{06B0C889-BFBE-4091-BB43-710F7AD70122}"
EndProject
Project("{FAE04EC0-301F-11D3-BF4B-00C04F79EFBC}") = "ApiVideoTests", "tests\ApiVideoTests.csproj", "{C8F7F891-AC87-4770-A647-6ADA39DF0C30}"
EndProject
Global
	GlobalSection(SolutionConfigurationPlatforms) = preSolution
		Debug|Any CPU = Debug|Any CPU
		Release|Any CPU = Release|Any CPU
	EndGlobalSection
	GlobalSection(ProjectConfigurationPlatforms) = postSolution
		{06B0C889-BFBE-4091-BB43-710F7AD70122}.Debug|Any CPU.ActiveCfg = Debug|Any CPU
		{06B0C889-BFBE-4091-BB43-710F7AD70122}.Debug|Any CPU.Build.0 = Debug|Any CPU
		{06B0C889-BFBE-4091-BB43-710F7AD70122}.Release|Any CPU.ActiveCfg = Release|Any CPU
		{06B0C889-BFBE-4091-BB43-710F7AD70122}.Release|Any CPU.Build.0 = Release|Any CPU
		{C8F7F891-AC87-4770-A647-6ADA39DF0C30}.Debug|Any CPU.ActiveCfg = Debug|Any CPU
		{C8F7F891-AC87-4770-A647-6ADA39DF0C30}.Debug|Any CPU.Build.0 = Debug|Any CPU
		{C8F7F891-AC87-4770-A647-6ADA39DF0C30}.Release|Any CPU.ActiveCfg = Release|Any CPU
		{C8F7F891-AC87-4770-A647-6ADA39DF0C30}.Release|Any CPU.Build.0 = Release|Any CPU
	EndGlobalSection
	GlobalSection(SolutionProperties) = preSolution
		HideSolutionNode = FALSE
	EndGlobalSection
EndGlobal
