
Microsoft Visual Studio Solution File, Format Version 12.00
# Visual Studio Version 16
VisualStudioVersion = 16.0.30503.244
MinimumVisualStudioVersion = 10.0.40219.1
Project("{FAE04EC0-301F-11D3-BF4B-00C04F79EFBC}") = "VideoApiClient", "VideoApiClient.csproj", "{AD40CCAA-4C3B-4A84-AB61-03CF313ABDAD}"
EndProject
Global
	GlobalSection(SolutionConfigurationPlatforms) = preSolution
		Debug|Any CPU = Debug|Any CPU
		Release|Any CPU = Release|Any CPU
	EndGlobalSection
	GlobalSection(ProjectConfigurationPlatforms) = postSolution
		{AD40CCAA-4C3B-4A84-AB61-03CF313ABDAD}.Debug|Any CPU.ActiveCfg = Debug|Any CPU
		{AD40CCAA-4C3B-4A84-AB61-03CF313ABDAD}.Debug|Any CPU.Build.0 = Debug|Any CPU
		{AD40CCAA-4C3B-4A84-AB61-03CF313ABDAD}.Release|Any CPU.ActiveCfg = Release|Any CPU
		{AD40CCAA-4C3B-4A84-AB61-03CF313ABDAD}.Release|Any CPU.Build.0 = Release|Any CPU
	EndGlobalSection
	GlobalSection(SolutionProperties) = preSolution
		HideSolutionNode = FALSE
	EndGlobalSection
	GlobalSection(ExtensibilityGlobals) = postSolution
		SolutionGuid = {F60CA358-5C58-424F-AD2A-62C5D9EE3B83}
	EndGlobalSection
EndGlobal
